
Microsoft Visual Studio Solution File, Format Version 12.00
# Visual Studio Version 17
VisualStudioVersion = 17.0.31903.59
MinimumVisualStudioVersion = 10.0.40219.1
Project("{2150E333-8FDC-42A3-9474-1A3956D46DE8}") = "src", "src", "{827E0CD3-B72D-47B6-A68D-7590B98EB39B}"
EndProject
Project("{FAE04EC0-301F-11D3-BF4B-00C04F79EFBC}") = "Ahdah.Domain", "src\Ahdah.Domain\Ahdah.Domain.csproj", "{9B24D804-F093-40D9-83CA-2B8A80B29959}"
EndProject
Project("{FAE04EC0-301F-11D3-BF4B-00C04F79EFBC}") = "Ahdah.Application", "src\Ahdah.Application\Ahdah.Application.csproj", "{C483AD6C-9EE9-49D0-A320-BAE9D1A1D31B}"
EndProject
Project("{FAE04EC0-301F-11D3-BF4B-00C04F79EFBC}") = "Ahdah.Infrastructure", "src\Ahdah.Infrastructure\Ahdah.Infrastructure.csproj", "{1EFF4D0B-459C-44C5-96BE-59064F07A5DD}"
EndProject
Project("{FAE04EC0-301F-11D3-BF4B-00C04F79EFBC}") = "Ahdah.Api", "src\Ahdah.Api\Ahdah.Api.csproj", "{40E409FE-0328-4A79-A096-EEDB76919092}"
EndProject
Project("{2150E333-8FDC-42A3-9474-1A3956D46DE8}") = "tests", "tests", "{0AB3BF05-4346-4AA6-1389-037BE0695223}"
EndProject
Project("{FAE04EC0-301F-11D3-BF4B-00C04F79EFBC}") = "Ahdah.UnitTests", "tests\Ahdah.UnitTests\Ahdah.UnitTests.csproj", "{CC03E79F-E976-4D34-AFB6-C4172673DCD6}"
EndProject
Project("{FAE04EC0-301F-11D3-BF4B-00C04F79EFBC}") = "Ahdah.IntegrationTests", "tests\Ahdah.IntegrationTests\Ahdah.IntegrationTests.csproj", "{0365FBFE-16B8-42C6-B4E7-289FA9D2B641}"
EndProject
Global
	GlobalSection(SolutionConfigurationPlatforms) = preSolution
		Debug|Any CPU = Debug|Any CPU
		Debug|x64 = Debug|x64
		Debug|x86 = Debug|x86
		Release|Any CPU = Release|Any CPU
		Release|x64 = Release|x64
		Release|x86 = Release|x86
	EndGlobalSection
	GlobalSection(ProjectConfigurationPlatforms) = postSolution
		{9B24D804-F093-40D9-83CA-2B8A80B29959}.Debug|Any CPU.ActiveCfg = Debug|Any CPU
		{9B24D804-F093-40D9-83CA-2B8A80B29959}.Debug|Any CPU.Build.0 = Debug|Any CPU
		{9B24D804-F093-40D9-83CA-2B8A80B29959}.Debug|x64.ActiveCfg = Debug|Any CPU
		{9B24D804-F093-40D9-83CA-2B8A80B29959}.Debug|x64.Build.0 = Debug|Any CPU
		{9B24D804-F093-40D9-83CA-2B8A80B29959}.Debug|x86.ActiveCfg = Debug|Any CPU
		{9B24D804-F093-40D9-83CA-2B8A80B29959}.Debug|x86.Build.0 = Debug|Any CPU
		{9B24D804-F093-40D9-83CA-2B8A80B29959}.Release|Any CPU.ActiveCfg = Release|Any CPU
		{9B24D804-F093-40D9-83CA-2B8A80B29959}.Release|Any CPU.Build.0 = Release|Any CPU
		{9B24D804-F093-40D9-83CA-2B8A80B29959}.Release|x64.ActiveCfg = Release|Any CPU
		{9B24D804-F093-40D9-83CA-2B8A80B29959}.Release|x64.Build.0 = Release|Any CPU
		{9B24D804-F093-40D9-83CA-2B8A80B29959}.Release|x86.ActiveCfg = Release|Any CPU
		{9B24D804-F093-40D9-83CA-2B8A80B29959}.Release|x86.Build.0 = Release|Any CPU
		{C483AD6C-9EE9-49D0-A320-BAE9D1A1D31B}.Debug|Any CPU.ActiveCfg = Debug|Any CPU
		{C483AD6C-9EE9-49D0-A320-BAE9D1A1D31B}.Debug|Any CPU.Build.0 = Debug|Any CPU
		{C483AD6C-9EE9-49D0-A320-BAE9D1A1D31B}.Debug|x64.ActiveCfg = Debug|Any CPU
		{C483AD6C-9EE9-49D0-A320-BAE9D1A1D31B}.Debug|x64.Build.0 = Debug|Any CPU
		{C483AD6C-9EE9-49D0-A320-BAE9D1A1D31B}.Debug|x86.ActiveCfg = Debug|Any CPU
		{C483AD6C-9EE9-49D0-A320-BAE9D1A1D31B}.Debug|x86.Build.0 = Debug|Any CPU
		{C483AD6C-9EE9-49D0-A320-BAE9D1A1D31B}.Release|Any CPU.ActiveCfg = Release|Any CPU
		{C483AD6C-9EE9-49D0-A320-BAE9D1A1D31B}.Release|Any CPU.Build.0 = Release|Any CPU
		{C483AD6C-9EE9-49D0-A320-BAE9D1A1D31B}.Release|x64.ActiveCfg = Release|Any CPU
		{C483AD6C-9EE9-49D0-A320-BAE9D1A1D31B}.Release|x64.Build.0 = Release|Any CPU
		{C483AD6C-9EE9-49D0-A320-BAE9D1A1D31B}.Release|x86.ActiveCfg = Release|Any CPU
		{C483AD6C-9EE9-49D0-A320-BAE9D1A1D31B}.Release|x86.Build.0 = Release|Any CPU
		{1EFF4D0B-459C-44C5-96BE-59064F07A5DD}.Debug|Any CPU.ActiveCfg = Debug|Any CPU
		{1EFF4D0B-459C-44C5-96BE-59064F07A5DD}.Debug|Any CPU.Build.0 = Debug|Any CPU
		{1EFF4D0B-459C-44C5-96BE-59064F07A5DD}.Debug|x64.ActiveCfg = Debug|Any CPU
		{1EFF4D0B-459C-44C5-96BE-59064F07A5DD}.Debug|x64.Build.0 = Debug|Any CPU
		{1EFF4D0B-459C-44C5-96BE-59064F07A5DD}.Debug|x86.ActiveCfg = Debug|Any CPU
		{1EFF4D0B-459C-44C5-96BE-59064F07A5DD}.Debug|x86.Build.0 = Debug|Any CPU
		{1EFF4D0B-459C-44C5-96BE-59064F07A5DD}.Release|Any CPU.ActiveCfg = Release|Any CPU
		{1EFF4D0B-459C-44C5-96BE-59064F07A5DD}.Release|Any CPU.Build.0 = Release|Any CPU
		{1EFF4D0B-459C-44C5-96BE-59064F07A5DD}.Release|x64.ActiveCfg = Release|Any CPU
		{1EFF4D0B-459C-44C5-96BE-59064F07A5DD}.Release|x64.Build.0 = Release|Any CPU
		{1EFF4D0B-459C-44C5-96BE-59064F07A5DD}.Release|x86.ActiveCfg = Release|Any CPU
		{1EFF4D0B-459C-44C5-96BE-59064F07A5DD}.Release|x86.Build.0 = Release|Any CPU
		{40E409FE-0328-4A79-A096-EEDB76919092}.Debug|Any CPU.ActiveCfg = Debug|Any CPU
		{40E409FE-0328-4A79-A096-EEDB76919092}.Debug|Any CPU.Build.0 = Debug|Any CPU
		{40E409FE-0328-4A79-A096-EEDB76919092}.Debug|x64.ActiveCfg = Debug|Any CPU
		{40E409FE-0328-4A79-A096-EEDB76919092}.Debug|x64.Build.0 = Debug|Any CPU
		{40E409FE-0328-4A79-A096-EEDB76919092}.Debug|x86.ActiveCfg = Debug|Any CPU
		{40E409FE-0328-4A79-A096-EEDB76919092}.Debug|x86.Build.0 = Debug|Any CPU
		{40E409FE-0328-4A79-A096-EEDB76919092}.Release|Any CPU.ActiveCfg = Release|Any CPU
		{40E409FE-0328-4A79-A096-EEDB76919092}.Release|Any CPU.Build.0 = Release|Any CPU
		{40E409FE-0328-4A79-A096-EEDB76919092}.Release|x64.ActiveCfg = Release|Any CPU
		{40E409FE-0328-4A79-A096-EEDB76919092}.Release|x64.Build.0 = Release|Any CPU
		{40E409FE-0328-4A79-A096-EEDB76919092}.Release|x86.ActiveCfg = Release|Any CPU
		{40E409FE-0328-4A79-A096-EEDB76919092}.Release|x86.Build.0 = Release|Any CPU
		{CC03E79F-E976-4D34-AFB6-C4172673DCD6}.Debug|Any CPU.ActiveCfg = Debug|Any CPU
		{CC03E79F-E976-4D34-AFB6-C4172673DCD6}.Debug|Any CPU.Build.0 = Debug|Any CPU
		{CC03E79F-E976-4D34-AFB6-C4172673DCD6}.Debug|x64.ActiveCfg = Debug|Any CPU
		{CC03E79F-E976-4D34-AFB6-C4172673DCD6}.Debug|x64.Build.0 = Debug|Any CPU
		{CC03E79F-E976-4D34-AFB6-C4172673DCD6}.Debug|x86.ActiveCfg = Debug|Any CPU
		{CC03E79F-E976-4D34-AFB6-C4172673DCD6}.Debug|x86.Build.0 = Debug|Any CPU
		{CC03E79F-E976-4D34-AFB6-C4172673DCD6}.Release|Any CPU.ActiveCfg = Release|Any CPU
		{CC03E79F-E976-4D34-AFB6-C4172673DCD6}.Release|Any CPU.Build.0 = Release|Any CPU
		{CC03E79F-E976-4D34-AFB6-C4172673DCD6}.Release|x64.ActiveCfg = Release|Any CPU
		{CC03E79F-E976-4D34-AFB6-C4172673DCD6}.Release|x64.Build.0 = Release|Any CPU
		{CC03E79F-E976-4D34-AFB6-C4172673DCD6}.Release|x86.ActiveCfg = Release|Any CPU
		{CC03E79F-E976-4D34-AFB6-C4172673DCD6}.Release|x86.Build.0 = Release|Any CPU
		{0365FBFE-16B8-42C6-B4E7-289FA9D2B641}.Debug|Any CPU.ActiveCfg = Debug|Any CPU
		{0365FBFE-16B8-42C6-B4E7-289FA9D2B641}.Debug|Any CPU.Build.0 = Debug|Any CPU
		{0365FBFE-16B8-42C6-B4E7-289FA9D2B641}.Debug|x64.ActiveCfg = Debug|Any CPU
		{0365FBFE-16B8-42C6-B4E7-289FA9D2B641}.Debug|x64.Build.0 = Debug|Any CPU
		{0365FBFE-16B8-42C6-B4E7-289FA9D2B641}.Debug|x86.ActiveCfg = Debug|Any CPU
		{0365FBFE-16B8-42C6-B4E7-289FA9D2B641}.Debug|x86.Build.0 = Debug|Any CPU
		{0365FBFE-16B8-42C6-B4E7-289FA9D2B641}.Release|Any CPU.ActiveCfg = Release|Any CPU
		{0365FBFE-16B8-42C6-B4E7-289FA9D2B641}.Release|Any CPU.Build.0 = Release|Any CPU
		{0365FBFE-16B8-42C6-B4E7-289FA9D2B641}.Release|x64.ActiveCfg = Release|Any CPU
		{0365FBFE-16B8-42C6-B4E7-289FA9D2B641}.Release|x64.Build.0 = Release|Any CPU
		{0365FBFE-16B8-42C6-B4E7-289FA9D2B641}.Release|x86.ActiveCfg = Release|Any CPU
		{0365FBFE-16B8-42C6-B4E7-289FA9D2B641}.Release|x86.Build.0 = Release|Any CPU
	EndGlobalSection
	GlobalSection(SolutionProperties) = preSolution
		HideSolutionNode = FALSE
	EndGlobalSection
	GlobalSection(NestedProjects) = preSolution
		{9B24D804-F093-40D9-83CA-2B8A80B29959} = {827E0CD3-B72D-47B6-A68D-7590B98EB39B}
		{C483AD6C-9EE9-49D0-A320-BAE9D1A1D31B} = {827E0CD3-B72D-47B6-A68D-7590B98EB39B}
		{1EFF4D0B-459C-44C5-96BE-59064F07A5DD} = {827E0CD3-B72D-47B6-A68D-7590B98EB39B}
		{40E409FE-0328-4A79-A096-EEDB76919092} = {827E0CD3-B72D-47B6-A68D-7590B98EB39B}
		{CC03E79F-E976-4D34-AFB6-C4172673DCD6} = {0AB3BF05-4346-4AA6-1389-037BE0695223}
		{0365FBFE-16B8-42C6-B4E7-289FA9D2B641} = {0AB3BF05-4346-4AA6-1389-037BE0695223}
	EndGlobalSection
EndGlobal
